{
    "version": 3,
    "terraform_version": "0.11.13",
    "serial": 9,
    "lineage": "abf49c18-830a-2828-eb7d-3ad1cd29ef85",
    "modules": [
        {
            "path": [
                "root"
            ],
            "outputs": {},
            "resources": {
                "digitalocean_domain.sosafernando": {
                    "type": "digitalocean_domain",
                    "depends_on": [],
                    "primary": {
                        "id": "sosafernando.com",
                        "attributes": {
                            "id": "sosafernando.com",
                            "name": "sosafernando.com",
                            "urn": "do:domain:sosafernando.com"
                        },
                        "meta": {},
                        "tainted": false
                    },
                    "deposed": [],
                    "provider": "provider.digitalocean"
                },
                "digitalocean_droplet.mail": {
                    "type": "digitalocean_droplet",
                    "depends_on": [
                        "digitalocean_ssh_key.fsosa"
                    ],
                    "primary": {
                        "id": "188571519",
                        "attributes": {
                            "backups": "false",
                            "created_at": "2020-04-14T16:23:14Z",
                            "disk": "25",
                            "id": "188571519",
                            "image": "ubuntu-18-04-x64",
                            "ipv4_address": "206.189.194.107",
                            "ipv4_address_private": "",
                            "ipv6": "false",
                            "ipv6_address": "",
                            "locked": "false",
                            "memory": "1024",
                            "monitoring": "false",
                            "name": "mail.sosafernando.com",
                            "price_hourly": "0.00744",
                            "price_monthly": "5",
                            "private_networking": "false",
                            "region": "nyc1",
                            "resize_disk": "true",
                            "size": "s-1vcpu-1gb",
                            "ssh_keys.#": "1",
                            "ssh_keys.346502959": "c6:27:82:a4:49:52:1a:a3:53:4d:24:6f:31:0e:bf:a7",
                            "status": "active",
                            "tags.#": "0",
                            "urn": "do:droplet:188571519",
                            "user_data": "129fd41aef0453ce09f13e47a592885cff02908c",
                            "vcpus": "1",
                            "volume_ids.#": "0"
                        },
                        "meta": {
                            "schema_version": "1"
                        },
                        "tainted": false
                    },
                    "deposed": [],
                    "provider": "provider.digitalocean"
                },
                "digitalocean_ssh_key.fsosa": {
                    "type": "digitalocean_ssh_key",
                    "depends_on": [],
                    "primary": {
                        "id": "27115211",
                        "attributes": {
                            "fingerprint": "c6:27:82:a4:49:52:1a:a3:53:4d:24:6f:31:0e:bf:a7",
                            "id": "27115211",
                            "name": "fsosa",
                            "public_key": "ssh-rsa AAAAB3NzaC1yc2EAAAADAQABAAABAQDlWYR1zcw7QLNvVK71+Abwvb9aRfWXMNQc4riUyYiFTjukyTNsgAJ88pAqbwsxDgPalWU0m14qWaWFwMFS9tBQf6CRV3CFRAD7YL1I3lm7caCNojD3NrZzCOUCkQrsa8Cmod17Xo3KP5pXNUGoTbJgqeQTe76L+4TSGiGKCFwsV4LcROfxoS6ZebO1ivWFTrfGMC4L/Q6fPMTVZssqvdXGjHRJO6e3QgrbbhBC1X3IChcsb+3ed508rJ4sSNp7pznl6eiOts/hzFK8Oie74HAbLlOq7YGTnT0ldOC1He0Jv//8K9qG4gM8jHCy3i4KF5CO5V33TOTgHKMsItgwsjr7 omsia@alien"
                        },
                        "meta": {},
                        "tainted": false
                    },
                    "deposed": [],
                    "provider": "provider.digitalocean"
                }
            },
            "depends_on": []
        }
    ]
}
